Microsoft Visual Studio Solution File, Format Version 12.00
# Visual Studio Version 17
VisualStudioVersion = 17.5.2.0
MinimumVisualStudioVersion = 10.0.40219.1
Project("{FAE04EC0-301F-11D3-BF4B-00C04F79EFBC}") = "PatientsBackend.Tests", "PatientsBackend.Tests.csproj", "{B525B703-5728-3868-77A2-858E044398F9}"
EndProject
Global
	GlobalSection(SolutionConfigurationPlatforms) = preSolution
		Debug|Any CPU = Debug|Any CPU
		Release|Any CPU = Release|Any CPU
	EndGlobalSection
	GlobalSection(ProjectConfigurationPlatforms) = postSolution
		{B525B703-5728-3868-77A2-858E044398F9}.Debug|Any CPU.ActiveCfg = Debug|Any CPU
		{B525B703-5728-3868-77A2-858E044398F9}.Debug|Any CPU.Build.0 = Debug|Any CPU
		{B525B703-5728-3868-77A2-858E044398F9}.Release|Any CPU.ActiveCfg = Release|Any CPU
		{B525B703-5728-3868-77A2-858E044398F9}.Release|Any CPU.Build.0 = Release|Any CPU
	EndGlobalSection
	GlobalSection(SolutionProperties) = preSolution
		HideSolutionNode = FALSE
	EndGlobalSection
	GlobalSection(ExtensibilityGlobals) = postSolution
		SolutionGuid = {B204DAE3-8F0A-4D49-922D-C352C1157BA8}
	EndGlobalSection
EndGlobal
